
Microsoft Visual Studio Solution File, Format Version 12.00
# Visual Studio Version 16
VisualStudioVersion = 16.0.30621.155
MinimumVisualStudioVersion = 10.0.40219.1
Project("{888888A0-9F3D-457C-B088-3A5042F75D52}") = "PianoTileBot", "PianoTileBot.pyproj", "{DCC52117-F95B-47D3-AA49-4F797D5B88C9}"
EndProject
Global
	GlobalSection(SolutionConfigurationPlatforms) = preSolution
		Debug|Any CPU = Debug|Any CPU
		Release|Any CPU = Release|Any CPU
	EndGlobalSection
	GlobalSection(ProjectConfigurationPlatforms) = postSolution
		{DCC52117-F95B-47D3-AA49-4F797D5B88C9}.Debug|Any CPU.ActiveCfg = Debug|Any CPU
		{DCC52117-F95B-47D3-AA49-4F797D5B88C9}.Release|Any CPU.ActiveCfg = Release|Any CPU
	EndGlobalSection
	GlobalSection(SolutionProperties) = preSolution
		HideSolutionNode = FALSE
	EndGlobalSection
	GlobalSection(ExtensibilityGlobals) = postSolution
		SolutionGuid = {6181AB82-AB96-40FB-AF72-AED7943178CF}
	EndGlobalSection
EndGlobal
